{
  "version": 4,
  "terraform_version": "1.14.6",
  "serial": 23,
  "lineage": "6671b3ff-d7dd-d736-8d2a-cc5fb78ef39c",
  "outputs": {},
  "resources": [
    {
      "mode": "managed",
      "type": "github_branch_default",
      "name": "default",
      "provider": "provider[\"registry.terraform.io/integrations/github\"]",
      "instances": [
        {
          "schema_version": 0,
          "attributes": {
            "branch": "main",
            "etag": "W/\"4c73a8a5eabfcad5c79b70de9dce29cc98fe5cb85fdce73d1371afa014a70e64\"",
            "id": "alexandroivaldez",
            "rename": false,
            "repository": "alexandroivaldez"
          },
          "sensitive_attributes": [],
          "identity_schema_version": 0,
          "private": "bnVsbA==",
          "dependencies": [
            "github_repository.readme_repo"
          ]
        }
      ]
    },
    {
      "mode": "managed",
      "type": "github_repository",
      "name": "readme_repo",
      "provider": "provider[\"registry.terraform.io/integrations/github\"]",
      "instances": [
        {
          "schema_version": 1,
          "attributes": {
            "allow_auto_merge": false,
            "allow_forking": true,
            "allow_merge_commit": true,
            "allow_rebase_merge": true,
            "allow_squash_merge": true,
            "allow_update_branch": false,
            "archive_on_destroy": null,
            "archived": false,
            "auto_init": false,
            "default_branch": "main",
            "delete_branch_on_merge": false,
            "description": "Profile README repo",
            "etag": "W/\"49ab8bed85ddec25cd6a296f4769d346a55c1788699f4eb06e078f77f92548ca\"",
            "fork": "false",
            "full_name": "alexandroivaldez/alexandroivaldez",
            "git_clone_url": "git://github.com/alexandroivaldez/alexandroivaldez.git",
            "gitignore_template": null,
            "has_discussions": false,
            "has_downloads": false,
            "has_issues": false,
            "has_projects": false,
            "has_wiki": false,
            "homepage_url": "",
            "html_url": "https://github.com/alexandroivaldez/alexandroivaldez",
            "http_clone_url": "https://github.com/alexandroivaldez/alexandroivaldez.git",
            "id": "alexandroivaldez",
            "ignore_vulnerability_alerts_during_read": false,
            "is_template": false,
            "license_template": null,
            "merge_commit_message": "PR_TITLE",
            "merge_commit_title": "MERGE_MESSAGE",
            "name": "alexandroivaldez",
            "node_id": "R_kgDORdC8xA",
            "pages": [],
            "primary_language": "",
            "private": false,
            "repo_id": 1171307716,
            "security_and_analysis": [
              {
                "advanced_security": [],
                "code_security": [],
                "secret_scanning": [
                  {
                    "status": "enabled"
                  }
                ],
                "secret_scanning_ai_detection": [],
                "secret_scanning_non_provider_patterns": [],
                "secret_scanning_push_protection": [
                  {
                    "status": "enabled"
                  }
                ]
              }
            ],
            "source_owner": "",
            "source_repo": "",
            "squash_merge_commit_message": "COMMIT_MESSAGES",
            "squash_merge_commit_title": "COMMIT_OR_PR_TITLE",
            "ssh_clone_url": "git@github.com:alexandroivaldez/alexandroivaldez.git",
            "svn_url": "https://github.com/alexandroivaldez/alexandroivaldez",
            "template": [],
            "topics": [],
            "visibility": "public",
            "vulnerability_alerts": false,
            "web_commit_signoff_required": false
          },
          "sensitive_attributes": [],
          "identity_schema_version": 0,
          "private": "eyJzY2hlbWFfdmVyc2lvbiI6IjEifQ=="
        }
      ]
    },
    {
      "module": "module.profile_repo",
      "mode": "managed",
      "type": "github_branch_default",
      "name": "default",
      "provider": "module.profile_repo.provider[\"registry.terraform.io/integrations/github\"]",
      "instances": [
        {
          "schema_version": 0,
          "attributes": {
            "branch": "main",
            "etag": "W/\"b058208007a4fe4be08eef342bf3b1e5f31373b3cd103297119bc0cf146c30f5\"",
            "id": "alexandroivaldez",
            "rename": false,
            "repository": "alexandroivaldez"
          },
          "sensitive_attributes": [],
          "identity_schema_version": 0,
          "private": "bnVsbA==",
          "dependencies": [
            "module.profile_repo.github_repository.repo"
          ]
        }
      ]
    },
    {
      "module": "module.profile_repo",
      "mode": "managed",
      "type": "github_branch_protection",
      "name": "main",
      "provider": "module.profile_repo.provider[\"registry.terraform.io/integrations/github\"]",
      "instances": [
        {
          "schema_version": 2,
          "attributes": {
            "allows_deletions": false,
            "allows_force_pushes": false,
            "enforce_admins": true,
            "force_push_bypassers": null,
            "id": "BPR_kwDORluPic4EaGqm",
            "lock_branch": false,
            "pattern": "main",
            "repository_id": "R_kgDORluPiQ",
            "require_conversation_resolution": false,
            "require_signed_commits": false,
            "required_linear_history": false,
            "required_pull_request_reviews": [
              {
                "dismiss_stale_reviews": false,
                "dismissal_restrictions": null,
                "pull_request_bypassers": null,
                "require_code_owner_reviews": false,
                "require_last_push_approval": false,
                "required_approving_review_count": 0,
                "restrict_dismissals": false
              }
            ],
            "required_status_checks": [
              {
                "contexts": null,
                "strict": true
              }
            ],
            "restrict_pushes": []
          },
          "sensitive_attributes": [],
          "identity_schema_version": 0,
          "private": "eyJzY2hlbWFfdmVyc2lvbiI6IjIifQ==",
          "dependencies": [
            "module.profile_repo.github_repository.repo"
          ]
        }
      ]
    },
    {
      "module": "module.profile_repo",
      "mode": "managed",
      "type": "github_repository",
      "name": "repo",
      "provider": "module.profile_repo.provider[\"registry.terraform.io/integrations/github\"]",
      "instances": [
        {
          "schema_version": 1,
          "attributes": {
            "allow_auto_merge": false,
            "allow_forking": true,
            "allow_merge_commit": true,
            "allow_rebase_merge": true,
            "allow_squash_merge": true,
            "allow_update_branch": false,
            "archive_on_destroy": null,
            "archived": false,
            "auto_init": null,
            "default_branch": "main",
            "delete_branch_on_merge": false,
            "description": "Profile README repo",
            "etag": "W/\"b058208007a4fe4be08eef342bf3b1e5f31373b3cd103297119bc0cf146c30f5\"",
            "fork": "false",
            "full_name": "alexandroivaldez/alexandroivaldez",
            "git_clone_url": "git://github.com/alexandroivaldez/alexandroivaldez.git",
            "gitignore_template": null,
            "has_discussions": false,
            "has_downloads": false,
            "has_issues": false,
            "has_projects": false,
            "has_wiki": false,
            "homepage_url": "",
            "html_url": "https://github.com/alexandroivaldez/alexandroivaldez",
            "http_clone_url": "https://github.com/alexandroivaldez/alexandroivaldez.git",
            "id": "alexandroivaldez",
            "ignore_vulnerability_alerts_during_read": false,
            "is_template": false,
            "license_template": null,
            "merge_commit_message": "PR_TITLE",
            "merge_commit_title": "MERGE_MESSAGE",
            "name": "alexandroivaldez",
            "node_id": "R_kgDORluPiQ",
            "pages": [],
            "primary_language": "",
            "private": false,
            "repo_id": 1180405641,
            "security_and_analysis": [
              {
                "advanced_security": [],
                "code_security": [],
                "secret_scanning": [
                  {
                    "status": "enabled"
                  }
                ],
                "secret_scanning_ai_detection": [],
                "secret_scanning_non_provider_patterns": [],
                "secret_scanning_push_protection": [
                  {
                    "status": "enabled"
                  }
                ]
              }
            ],
            "source_owner": "",
            "source_repo": "",
            "squash_merge_commit_message": "COMMIT_MESSAGES",
            "squash_merge_commit_title": "COMMIT_OR_PR_TITLE",
            "ssh_clone_url": "git@github.com:alexandroivaldez/alexandroivaldez.git",
            "svn_url": "https://github.com/alexandroivaldez/alexandroivaldez",
            "template": [],
            "topics": [],
            "visibility": "public",
            "vulnerability_alerts": false,
            "web_commit_signoff_required": false
          },
          "sensitive_attributes": [],
          "identity_schema_version": 0,
          "private": "eyJzY2hlbWFfdmVyc2lvbiI6IjEifQ=="
        }
      ]
    }
  ],
  "check_results": null
}
